// !$*UTF8*$!
{
	archiveVersion = 1;
	classes = {
	};
	objectVersion = 55;
	objects = {

/* Begin PBXBuildFile section */
		22DB2A2528ACF2CC004969BF /* AppDelegate.swift in Sources */ = {isa = PBXBuildFile; fileRef = 22DB2A2428ACF2CC004969BF /* AppDelegate.swift */; };
		22DB2A2728ACF2CC004969BF /* SceneDelegate.swift in Sources */ = {isa = PBXBuildFile; fileRef = 22DB2A2628ACF2CC004969BF /* SceneDelegate.swift */; };
		22DB2A2928ACF2CC004969BF /* ViewController.swift in Sources */ = {isa = PBXBuildFile; fileRef = 22DB2A2828ACF2CC004969BF /* ViewController.swift */; };
		22DB2A2C28ACF2CC004969BF /* Main.storyboard in Resources */ = {isa = PBXBuildFile; fileRef = 22DB2A2A28ACF2CC004969BF /* Main.storyboard */; };
		22DB2A2E28ACF2CD004969BF /* Assets.xcassets in Resources */ = {isa = PBXBuildFile; fileRef = 22DB2A2D28ACF2CD004969BF /* Assets.xcassets */; };
		22DB2A3128ACF2CD004969BF /* LaunchScreen.storyboard in Resources */ = {isa = PBXBuildFile; fileRef = 22DB2A2F28ACF2CD004969BF /* LaunchScreen.storyboard */; };
		22DB2A3C28ACF2CD004969BF /* DesignPatternTests.swift in Sources */ = {isa = PBXBuildFile; fileRef = 22DB2A3B28ACF2CD004969BF /* DesignPatternTests.swift */; };
		22DB2A4628ACF2CD004969BF /* DesignPatternUITests.swift in Sources */ = {isa = PBXBuildFile; fileRef = 22DB2A4528ACF2CD004969BF /* DesignPatternUITests.swift */; };
		22DB2A4828ACF2CD004969BF /* DesignPatternUITestsLaunchTests.swift in Sources */ = {isa = PBXBuildFile; fileRef = 22DB2A4728ACF2CD004969BF /* DesignPatternUITestsLaunchTests.swift */; };
		22DB2A5828ACF64B004969BF /* DesignPatternCell.swift in Sources */ = {isa = PBXBuildFile; fileRef = 22DB2A5628ACF64B004969BF /* DesignPatternCell.swift */; };
		22DB2A5928ACF64B004969BF /* DesignPatternCell.xib in Resources */ = {isa = PBXBuildFile; fileRef = 22DB2A5728ACF64B004969BF /* DesignPatternCell.xib */; };
		22DB2A5D28ACF7F6004969BF /* DetailDesignPatternController.swift in Sources */ = {isa = PBXBuildFile; fileRef = 22DB2A5B28ACF7F6004969BF /* DetailDesignPatternController.swift */; };
		22DB2A5E28ACF7F6004969BF /* DetailDesignPatternController.xib in Resources */ = {isa = PBXBuildFile; fileRef = 22DB2A5C28ACF7F6004969BF /* DetailDesignPatternController.xib */; };
		22DB2A6028AD0063004969BF /* BaseHeaderView.swift in Sources */ = {isa = PBXBuildFile; fileRef = 22DB2A5F28AD0063004969BF /* BaseHeaderView.swift */; };
		22DB2A6328AD007F004969BF /* BaseHeaderView.xib in Resources */ = {isa = PBXBuildFile; fileRef = 22DB2A6228AD007F004969BF /* BaseHeaderView.xib */; };
/* End PBXBuildFile section */

/* Begin PBXContainerItemProxy section */
		22DB2A3828ACF2CD004969BF /* PBXContainerItemProxy */ = {
			isa = PBXContainerItemProxy;
			containerPortal = 22DB2A1928ACF2CB004969BF /* Project object */;
			proxyType = 1;
			remoteGlobalIDString = 22DB2A2028ACF2CC004969BF;
			remoteInfo = DesignPattern;
		};
		22DB2A4228ACF2CD004969BF /* PBXContainerItemProxy */ = {
			isa = PBXContainerItemProxy;
			containerPortal = 22DB2A1928ACF2CB004969BF /* Project object */;
			proxyType = 1;
			remoteGlobalIDString = 22DB2A2028ACF2CC004969BF;
			remoteInfo = DesignPattern;
		};
/* End PBXContainerItemProxy section */

/* Begin PBXFileReference section */
		22DB2A2128ACF2CC004969BF /* DesignPattern.app */ = {isa = PBXFileReference; explicitFileType = wrapper.application; includeInIndex = 0; path = DesignPattern.app; sourceTree = BUILT_PRODUCTS_DIR; };
		22DB2A2428ACF2CC004969BF /* AppDelegate.swift */ = {isa = PBXFileReference; lastKnownFileType = sourcecode.swift; path = AppDelegate.swift; sourceTree = "<group>"; };
		22DB2A2628ACF2CC004969BF /* SceneDelegate.swift */ = {isa = PBXFileReference; lastKnownFileType = sourcecode.swift; path = SceneDelegate.swift; sourceTree = "<group>"; };
		22DB2A2828ACF2CC004969BF /* ViewController.swift */ = {isa = PBXFileReference; lastKnownFileType = sourcecode.swift; path = ViewController.swift; sourceTree = "<group>"; };
		22DB2A2B28ACF2CC004969BF /* Base */ = {isa = PBXFileReference; lastKnownFileType = file.storyboard; name = Base; path = Base.lproj/Main.storyboard; sourceTree = "<group>"; };
		22DB2A2D28ACF2CD004969BF /* Assets.xcassets */ = {isa = PBXFileReference; lastKnownFileType = folder.assetcatalog; path = Assets.xcassets; sourceTree = "<group>"; };
		22DB2A3028ACF2CD004969BF /* Base */ = {isa = PBXFileReference; lastKnownFileType = file.storyboard; name = Base; path = Base.lproj/LaunchScreen.storyboard; sourceTree = "<group>"; };
		22DB2A3228ACF2CD004969BF /* Info.plist */ = {isa = PBXFileReference; lastKnownFileType = text.plist.xml; path = Info.plist; sourceTree = "<group>"; };
		22DB2A3728ACF2CD004969BF /* DesignPatternTests.xctest */ = {isa = PBXFileReference; explicitFileType = wrapper.cfbundle; includeInIndex = 0; path = DesignPatternTests.xctest; sourceTree = BUILT_PRODUCTS_DIR; };
		22DB2A3B28ACF2CD004969BF /* DesignPatternTests.swift */ = {isa = PBXFileReference; lastKnownFileType = sourcecode.swift; path = DesignPatternTests.swift; sourceTree = "<group>"; };
		22DB2A4128ACF2CD004969BF /* DesignPatternUITests.xctest */ = {isa = PBXFileReference; explicitFileType = wrapper.cfbundle; includeInIndex = 0; path = DesignPatternUITests.xctest; sourceTree = BUILT_PRODUCTS_DIR; };
		22DB2A4528ACF2CD004969BF /* DesignPatternUITests.swift */ = {isa = PBXFileReference; lastKnownFileType = sourcecode.swift; path = DesignPatternUITests.swift; sourceTree = "<group>"; };
		22DB2A4728ACF2CD004969BF /* DesignPatternUITestsLaunchTests.swift */ = {isa = PBXFileReference; lastKnownFileType = sourcecode.swift; path = DesignPatternUITestsLaunchTests.swift; sourceTree = "<group>"; };
		22DB2A5628ACF64B004969BF /* DesignPatternCell.swift */ = {isa = PBXFileReference; lastKnownFileType = sourcecode.swift; path = DesignPatternCell.swift; sourceTree = "<group>"; };
		22DB2A5728ACF64B004969BF /* DesignPatternCell.xib */ = {isa = PBXFileReference; lastKnownFileType = file.xib; path = DesignPatternCell.xib; sourceTree = "<group>"; };
		22DB2A5B28ACF7F6004969BF /* DetailDesignPatternController.swift */ = {isa = PBXFileReference; lastKnownFileType = sourcecode.swift; path = DetailDesignPatternController.swift; sourceTree = "<group>"; };
		22DB2A5C28ACF7F6004969BF /* DetailDesignPatternController.xib */ = {isa = PBXFileReference; lastKnownFileType = file.xib; path = DetailDesignPatternController.xib; sourceTree = "<group>"; };
		22DB2A5F28AD0063004969BF /* BaseHeaderView.swift */ = {isa = PBXFileReference; lastKnownFileType = sourcecode.swift; path = BaseHeaderView.swift; sourceTree = "<group>"; };
		22DB2A6228AD007F004969BF /* BaseHeaderView.xib */ = {isa = PBXFileReference; lastKnownFileType = file.xib; path = BaseHeaderView.xib; sourceTree = "<group>"; };
/* End PBXFileReference section */

/* Begin PBXFrameworksBuildPhase section */
		22DB2A1E28ACF2CC004969BF /* Frameworks */ = {
			isa = PBXFrameworksBuildPhase;
			buildActionMask = 2147483647;
			files = (
			);
			runOnlyForDeploymentPostprocessing = 0;
		};
		22DB2A3428ACF2CD004969BF /* Frameworks */ = {
			isa = PBXFrameworksBuildPhase;
			buildActionMask = 2147483647;
			files = (
			);
			runOnlyForDeploymentPostprocessing = 0;
		};
		22DB2A3E28ACF2CD004969BF /* Frameworks */ = {
			isa = PBXFrameworksBuildPhase;
			buildActionMask = 2147483647;
			files = (
			);
			runOnlyForDeploymentPostprocessing = 0;
		};
/* End PBXFrameworksBuildPhase section */

/* Begin PBXGroup section */
		22DB2A1828ACF2CB004969BF = {
			isa = PBXGroup;
			children = (
				22DB2A2328ACF2CC004969BF /* DesignPattern */,
				22DB2A3A28ACF2CD004969BF /* DesignPatternTests */,
				22DB2A4428ACF2CD004969BF /* DesignPatternUITests */,
				22DB2A2228ACF2CC004969BF /* Products */,
			);
			sourceTree = "<group>";
		};
		22DB2A2228ACF2CC004969BF /* Products */ = {
			isa = PBXGroup;
			children = (
				22DB2A2128ACF2CC004969BF /* DesignPattern.app */,
				22DB2A3728ACF2CD004969BF /* DesignPatternTests.xctest */,
				22DB2A4128ACF2CD004969BF /* DesignPatternUITests.xctest */,
			);
			name = Products;
			sourceTree = "<group>";
		};
		22DB2A2328ACF2CC004969BF /* DesignPattern */ = {
			isa = PBXGroup;
			children = (
				22DB2A2428ACF2CC004969BF /* AppDelegate.swift */,
				22DB2A2628ACF2CC004969BF /* SceneDelegate.swift */,
				22DB2A2828ACF2CC004969BF /* ViewController.swift */,
				22DB2A6128AD0067004969BF /* Header */,
				22DB2A5B28ACF7F6004969BF /* DetailDesignPatternController.swift */,
				22DB2A5C28ACF7F6004969BF /* DetailDesignPatternController.xib */,
				22DB2A5A28ACF654004969BF /* Cell */,
				22DB2A2A28ACF2CC004969BF /* Main.storyboard */,
				22DB2A2D28ACF2CD004969BF /* Assets.xcassets */,
				22DB2A2F28ACF2CD004969BF /* LaunchScreen.storyboard */,
				22DB2A3228ACF2CD004969BF /* Info.plist */,
			);
			path = DesignPattern;
			sourceTree = "<group>";
		};
		22DB2A3A28ACF2CD004969BF /* DesignPatternTests */ = {
			isa = PBXGroup;
			children = (
				22DB2A3B28ACF2CD004969BF /* DesignPatternTests.swift */,
			);
			path = DesignPatternTests;
			sourceTree = "<group>";
		};
		22DB2A4428ACF2CD004969BF /* DesignPatternUITests */ = {
			isa = PBXGroup;
			children = (
				22DB2A4528ACF2CD004969BF /* DesignPatternUITests.swift */,
				22DB2A4728ACF2CD004969BF /* DesignPatternUITestsLaunchTests.swift */,
			);
			path = DesignPatternUITests;
			sourceTree = "<group>";
		};
		22DB2A5A28ACF654004969BF /* Cell */ = {
			isa = PBXGroup;
			children = (
				22DB2A5628ACF64B004969BF /* DesignPatternCell.swift */,
				22DB2A5728ACF64B004969BF /* DesignPatternCell.xib */,
			);
			path = Cell;
			sourceTree = "<group>";
		};
		22DB2A6128AD0067004969BF /* Header */ = {
			isa = PBXGroup;
			children = (
				22DB2A5F28AD0063004969BF /* BaseHeaderView.swift */,
				22DB2A6228AD007F004969BF /* BaseHeaderView.xib */,
			);
			path = Header;
			sourceTree = "<group>";
		};
/* End PBXGroup section */

/* Begin PBXNativeTarget section */
		22DB2A2028ACF2CC004969BF /* DesignPattern */ = {
			isa = PBXNativeTarget;
			buildConfigurationList = 22DB2A4B28ACF2CD004969BF /* Build configuration list for PBXNativeTarget "DesignPattern" */;
			buildPhases = (
				22DB2A1D28ACF2CC004969BF /* Sources */,
				22DB2A1E28ACF2CC004969BF /* Frameworks */,
				22DB2A1F28ACF2CC004969BF /* Resources */,
			);
			buildRules = (
			);
			dependencies = (
			);
			name = DesignPattern;
			productName = DesignPattern;
			productReference = 22DB2A2128ACF2CC004969BF /* DesignPattern.app */;
			productType = "com.apple.product-type.application";
		};
		22DB2A3628ACF2CD004969BF /* DesignPatternTests */ = {
			isa = PBXNativeTarget;
			buildConfigurationList = 22DB2A4E28ACF2CD004969BF /* Build configuration list for PBXNativeTarget "DesignPatternTests" */;
			buildPhases = (
				22DB2A3328ACF2CD004969BF /* Sources */,
				22DB2A3428ACF2CD004969BF /* Frameworks */,
				22DB2A3528ACF2CD004969BF /* Resources */,
			);
			buildRules = (
			);
			dependencies = (
				22DB2A3928ACF2CD004969BF /* PBXTargetDependency */,
			);
			name = DesignPatternTests;
			productName = DesignPatternTests;
			productReference = 22DB2A3728ACF2CD004969BF /* DesignPatternTests.xctest */;
			productType = "com.apple.product-type.bundle.unit-test";
		};
		22DB2A4028ACF2CD004969BF /* DesignPatternUITests */ = {
			isa = PBXNativeTarget;
			buildConfigurationList = 22DB2A5128ACF2CD004969BF /* Build configuration list for PBXNativeTarget "DesignPatternUITests" */;
			buildPhases = (
				22DB2A3D28ACF2CD004969BF /* Sources */,
				22DB2A3E28ACF2CD004969BF /* Frameworks */,
				22DB2A3F28ACF2CD004969BF /* Resources */,
			);
			buildRules = (
			);
			dependencies = (
				22DB2A4328ACF2CD004969BF /* PBXTargetDependency */,
			);
			name = DesignPatternUITests;
			productName = DesignPatternUITests;
			productReference = 22DB2A4128ACF2CD004969BF /* DesignPatternUITests.xctest */;
			productType = "com.apple.product-type.bundle.ui-testing";
		};
/* End PBXNativeTarget section */

/* Begin PBXProject section */
		22DB2A1928ACF2CB004969BF /* Project object */ = {
			isa = PBXProject;
			attributes = {
				BuildIndependentTargetsInParallel = 1;
				LastSwiftUpdateCheck = 1310;
				LastUpgradeCheck = 1310;
				TargetAttributes = {
					22DB2A2028ACF2CC004969BF = {
						CreatedOnToolsVersion = 13.1;
					};
					22DB2A3628ACF2CD004969BF = {
						CreatedOnToolsVersion = 13.1;
						TestTargetID = 22DB2A2028ACF2CC004969BF;
					};
					22DB2A4028ACF2CD004969BF = {
						CreatedOnToolsVersion = 13.1;
						TestTargetID = 22DB2A2028ACF2CC004969BF;
					};
				};
			};
			buildConfigurationList = 22DB2A1C28ACF2CB004969BF /* Build configuration list for PBXProject "DesignPattern" */;
			compatibilityVersion = "Xcode 13.0";
			developmentRegion = en;
			hasScannedForEncodings = 0;
			knownRegions = (
				en,
				Base,
			);
			mainGroup = 22DB2A1828ACF2CB004969BF;
			productRefGroup = 22DB2A2228ACF2CC004969BF /* Products */;
			projectDirPath = "";
			projectRoot = "";
			targets = (
				22DB2A2028ACF2CC004969BF /* DesignPattern */,
				22DB2A3628ACF2CD004969BF /* DesignPatternTests */,
				22DB2A4028ACF2CD004969BF /* DesignPatternUITests */,
			);
		};
/* End PBXProject section */

/* Begin PBXResourcesBuildPhase section */
		22DB2A1F28ACF2CC004969BF /* Resources */ = {
			isa = PBXResourcesBuildPhase;
			buildActionMask = 2147483647;
			files = (
				22DB2A3128ACF2CD004969BF /* LaunchScreen.storyboard in Resources */,
				22DB2A5E28ACF7F6004969BF /* DetailDesignPatternController.xib in Resources */,
				22DB2A2E28ACF2CD004969BF /* Assets.xcassets in Resources */,
				22DB2A5928ACF64B004969BF /* DesignPatternCell.xib in Resources */,
				22DB2A6328AD007F004969BF /* BaseHeaderView.xib in Resources */,
				22DB2A2C28ACF2CC004969BF /* Main.storyboard in Resources */,
			);
			runOnlyForDeploymentPostprocessing = 0;
		};
		22DB2A3528ACF2CD004969BF /* Resources */ = {
			isa = PBXResourcesBuildPhase;
			buildActionMask = 2147483647;
			files = (
			);
			runOnlyForDeploymentPostprocessing = 0;
		};
		22DB2A3F28ACF2CD004969BF /* Resources */ = {
			isa = PBXResourcesBuildPhase;
			buildActionMask = 2147483647;
			files = (
			);
			runOnlyForDeploymentPostprocessing = 0;
		};
/* End PBXResourcesBuildPhase section */

/* Begin PBXSourcesBuildPhase section */
		22DB2A1D28ACF2CC004969BF /* Sources */ = {
			isa = PBXSourcesBuildPhase;
			buildActionMask = 2147483647;
			files = (
				22DB2A2928ACF2CC004969BF /* ViewController.swift in Sources */,
				22DB2A2528ACF2CC004969BF /* AppDelegate.swift in Sources */,
				22DB2A6028AD0063004969BF /* BaseHeaderView.swift in Sources */,
				22DB2A5828ACF64B004969BF /* DesignPatternCell.swift in Sources */,
				22DB2A2728ACF2CC004969BF /* SceneDelegate.swift in Sources */,
				22DB2A5D28ACF7F6004969BF /* DetailDesignPatternController.swift in Sources */,
			);
			runOnlyForDeploymentPostprocessing = 0;
		};
		22DB2A3328ACF2CD004969BF /* Sources */ = {
			isa = PBXSourcesBuildPhase;
			buildActionMask = 2147483647;
			files = (
				22DB2A3C28ACF2CD004969BF /* DesignPatternTests.swift in Sources */,
			);
			runOnlyForDeploymentPostprocessing = 0;
		};
		22DB2A3D28ACF2CD004969BF /* Sources */ = {
			isa = PBXSourcesBuildPhase;
			buildActionMask = 2147483647;
			files = (
				22DB2A4628ACF2CD004969BF /* DesignPatternUITests.swift in Sources */,
				22DB2A4828ACF2CD004969BF /* DesignPatternUITestsLaunchTests.swift in Sources */,
			);
			runOnlyForDeploymentPostprocessing = 0;
		};
/* End PBXSourcesBuildPhase section */

/* Begin PBXTargetDependency section */
		22DB2A3928ACF2CD004969BF /* PBXTargetDependency */ = {
			isa = PBXTargetDependency;
			target = 22DB2A2028ACF2CC004969BF /* DesignPattern */;
			targetProxy = 22DB2A3828ACF2CD004969BF /* PBXContainerItemProxy */;
		};
		22DB2A4328ACF2CD004969BF /* PBXTargetDependency */ = {
			isa = PBXTargetDependency;
			target = 22DB2A2028ACF2CC004969BF /* DesignPattern */;
			targetProxy = 22DB2A4228ACF2CD004969BF /* PBXContainerItemProxy */;
		};
/* End PBXTargetDependency section */

/* Begin PBXVariantGroup section */
		22DB2A2A28ACF2CC004969BF /* Main.storyboard */ = {
			isa = PBXVariantGroup;
			children = (
				22DB2A2B28ACF2CC004969BF /* Base */,
			);
			name = Main.storyboard;
			sourceTree = "<group>";
		};
		22DB2A2F28ACF2CD004969BF /* LaunchScreen.storyboard */ = {
			isa = PBXVariantGroup;
			children = (
				22DB2A3028ACF2CD004969BF /* Base */,
			);
			name = LaunchScreen.storyboard;
			sourceTree = "<group>";
		};
/* End PBXVariantGroup section */

/* Begin XCBuildConfiguration section */
		22DB2A4928ACF2CD004969BF /* Debug */ = {
			isa = XCBuildConfiguration;
			buildSettings = {
				ALWAYS_SEARCH_USER_PATHS = NO;
				CLANG_ANALYZER_NONNULL = YES;
				CLANG_ANALYZER_NUMBER_OBJECT_CONVERSION = YES_AGGRESSIVE;
				CLANG_CXX_LANGUAGE_STANDARD = "gnu++17";
				CLANG_CXX_LIBRARY = "libc++";
				CLANG_ENABLE_MODULES = YES;
				CLANG_ENABLE_OBJC_ARC = YES;
				CLANG_ENABLE_OBJC_WEAK = YES;
				CLANG_WARN_BLOCK_CAPTURE_AUTORELEASING = YES;
				CLANG_WARN_BOOL_CONVERSION = YES;
				CLANG_WARN_COMMA = YES;
				CLANG_WARN_CONSTANT_CONVERSION = YES;
				CLANG_WARN_DEPRECATED_OBJC_IMPLEMENTATIONS = YES;
				CLANG_WARN_DIRECT_OBJC_ISA_USAGE = YES_ERROR;
				CLANG_WARN_DOCUMENTATION_COMMENTS = YES;
				CLANG_WARN_EMPTY_BODY = YES;
				CLANG_WARN_ENUM_CONVERSION = YES;
				CLANG_WARN_INFINITE_RECURSION = YES;
				CLANG_WARN_INT_CONVERSION = YES;
				CLANG_WARN_NON_LITERAL_NULL_CONVERSION = YES;
				CLANG_WARN_OBJC_IMPLICIT_RETAIN_SELF = YES;
				CLANG_WARN_OBJC_LITERAL_CONVERSION = YES;
				CLANG_WARN_OBJC_ROOT_CLASS = YES_ERROR;
				CLANG_WARN_QUOTED_INCLUDE_IN_FRAMEWORK_HEADER = YES;
				CLANG_WARN_RANGE_LOOP_ANALYSIS = YES;
				CLANG_WARN_STRICT_PROTOTYPES = YES;
				CLANG_WARN_SUSPICIOUS_MOVE = YES;
				CLANG_WARN_UNGUARDED_AVAILABILITY = YES_AGGRESSIVE;
				CLANG_WARN_UNREACHABLE_CODE = YES;
				CLANG_WARN__DUPLICATE_METHOD_MATCH = YES;
				COPY_PHASE_STRIP = NO;
				DEBUG_INFORMATION_FORMAT = dwarf;
				ENABLE_STRICT_OBJC_MSGSEND = YES;
				ENABLE_TESTABILITY = YES;
				GCC_C_LANGUAGE_STANDARD = gnu11;
				GCC_DYNAMIC_NO_PIC = NO;
				GCC_NO_COMMON_BLOCKS = YES;
				GCC_OPTIMIZATION_LEVEL = 0;
				GCC_PREPROCESSOR_DEFINITIONS = (
					"DEBUG=1",
					"$(inherited)",
				);
				GCC_WARN_64_TO_32_BIT_CONVERSION = YES;
				GCC_WARN_ABOUT_RETURN_TYPE = YES_ERROR;
				GCC_WARN_UNDECLARED_SELECTOR = YES;
				GCC_WARN_UNINITIALIZED_AUTOS = YES_AGGRESSIVE;
				GCC_WARN_UNUSED_FUNCTION = YES;
				GCC_WARN_UNUSED_VARIABLE = YES;
				IPHONEOS_DEPLOYMENT_TARGET = 15.0;
				MTL_ENABLE_DEBUG_INFO = INCLUDE_SOURCE;
				MTL_FAST_MATH = YES;
				ONLY_ACTIVE_ARCH = YES;
				SDKROOT = iphoneos;
				SWIFT_ACTIVE_COMPILATION_CONDITIONS = DEBUG;
				SWIFT_OPTIMIZATION_LEVEL = "-Onone";
			};
			name = Debug;
		};
		22DB2A4A28ACF2CD004969BF /* Release */ = {
			isa = XCBuildConfiguration;
			buildSettings = {
				ALWAYS_SEARCH_USER_PATHS = NO;
				CLANG_ANALYZER_NONNULL = YES;
				CLANG_ANALYZER_NUMBER_OBJECT_CONVERSION = YES_AGGRESSIVE;
				CLANG_CXX_LANGUAGE_STANDARD = "gnu++17";
				CLANG_CXX_LIBRARY = "libc++";
				CLANG_ENABLE_MODULES = YES;
				CLANG_ENABLE_OBJC_ARC = YES;
				CLANG_ENABLE_OBJC_WEAK = YES;
				CLANG_WARN_BLOCK_CAPTURE_AUTORELEASING = YES;
				CLANG_WARN_BOOL_CONVERSION = YES;
				CLANG_WARN_COMMA = YES;
				CLANG_WARN_CONSTANT_CONVERSION = YES;
				CLANG_WARN_DEPRECATED_OBJC_IMPLEMENTATIONS = YES;
				CLANG_WARN_DIRECT_OBJC_ISA_USAGE = YES_ERROR;
				CLANG_WARN_DOCUMENTATION_COMMENTS = YES;
				CLANG_WARN_EMPTY_BODY = YES;
				CLANG_WARN_ENUM_CONVERSION = YES;
				CLANG_WARN_INFINITE_RECURSION = YES;
				CLANG_WARN_INT_CONVERSION = YES;
				CLANG_WARN_NON_LITERAL_NULL_CONVERSION = YES;
				CLANG_WARN_OBJC_IMPLICIT_RETAIN_SELF = YES;
				CLANG_WARN_OBJC_LITERAL_CONVERSION = YES;
				CLANG_WARN_OBJC_ROOT_CLASS = YES_ERROR;
				CLANG_WARN_QUOTED_INCLUDE_IN_FRAMEWORK_HEADER = YES;
				CLANG_WARN_RANGE_LOOP_ANALYSIS = YES;
				CLANG_WARN_STRICT_PROTOTYPES = YES;
				CLANG_WARN_SUSPICIOUS_MOVE = YES;
				CLANG_WARN_UNGUARDED_AVAILABILITY = YES_AGGRESSIVE;
				CLANG_WARN_UNREACHABLE_CODE = YES;
				CLANG_WARN__DUPLICATE_METHOD_MATCH = YES;
				COPY_PHASE_STRIP = NO;
				DEBUG_INFORMATION_FORMAT = "dwarf-with-dsym";
				ENABLE_NS_ASSERTIONS = NO;
				ENABLE_STRICT_OBJC_MSGSEND = YES;
				GCC_C_LANGUAGE_STANDARD = gnu11;
				GCC_NO_COMMON_BLOCKS = YES;
				GCC_WARN_64_TO_32_BIT_CONVERSION = YES;
				GCC_WARN_ABOUT_RETURN_TYPE = YES_ERROR;
				GCC_WARN_UNDECLARED_SELECTOR = YES;
				GCC_WARN_UNINITIALIZED_AUTOS = YES_AGGRESSIVE;
				GCC_WARN_UNUSED_FUNCTION = YES;
				GCC_WARN_UNUSED_VARIABLE = YES;
				IPHONEOS_DEPLOYMENT_TARGET = 15.0;
				MTL_ENABLE_DEBUG_INFO = NO;
				MTL_FAST_MATH = YES;
				SDKROOT = iphoneos;
				SWIFT_COMPILATION_MODE = wholemodule;
				SWIFT_OPTIMIZATION_LEVEL = "-O";
				VALIDATE_PRODUCT = YES;
			};
			name = Release;
		};
		22DB2A4C28ACF2CD004969BF /* Debug */ = {
			isa = XCBuildConfiguration;
			buildSettings = {
				ASSETCATALOG_COMPILER_APPICON_NAME = AppIcon;
				ASSETCATALOG_COMPILER_GLOBAL_ACCENT_COLOR_NAME = AccentColor;
				CODE_SIGN_STYLE = Automatic;
				CURRENT_PROJECT_VERSION = 1;
				GENERATE_INFOPLIST_FILE = YES;
				INFOPLIST_FILE = DesignPattern/Info.plist;
				INFOPLIST_KEY_UIApplicationSupportsIndirectInputEvents = YES;
				INFOPLIST_KEY_UILaunchStoryboardName = LaunchScreen;
				INFOPLIST_KEY_UIMainStoryboardFile = Main;
				INFOPLIST_KEY_UISupportedInterfaceOrientations_iPad = "UIInterfaceOrientationPortrait UIInterfaceOrientationPortraitUpsideDown UIInterfaceOrientationLandscapeLeft UIInterfaceOrientationLandscapeRight";
				INFOPLIST_KEY_UISupportedInterfaceOrientations_iPhone = "UIInterfaceOrientationPortrait UIInterfaceOrientationLandscapeLeft UIInterfaceOrientationLandscapeRight";
				LD_RUNPATH_SEARCH_PATHS = (
					"$(inherited)",
					"@executable_path/Frameworks",
				);
				MARKETING_VERSION = 1.0;
				PRODUCT_BUNDLE_IDENTIFIER = sonnv.DesignPattern;
				PRODUCT_NAME = "$(TARGET_NAME)";
				SWIFT_EMIT_LOC_STRINGS = YES;
				SWIFT_VERSION = 5.0;
				TARGETED_DEVICE_FAMILY = "1,2";
			};
			name = Debug;
		};
		22DB2A4D28ACF2CD004969BF /* Release */ = {
			isa = XCBuildConfiguration;
			buildSettings = {
				ASSETCATALOG_COMPILER_APPICON_NAME = AppIcon;
				ASSETCATALOG_COMPILER_GLOBAL_ACCENT_COLOR_NAME = AccentColor;
				CODE_SIGN_STYLE = Automatic;
				CURRENT_PROJECT_VERSION = 1;
				GENERATE_INFOPLIST_FILE = YES;
				INFOPLIST_FILE = DesignPattern/Info.plist;
				INFOPLIST_KEY_UIApplicationSupportsIndirectInputEvents = YES;
				INFOPLIST_KEY_UILaunchStoryboardName = LaunchScreen;
				INFOPLIST_KEY_UIMainStoryboardFile = Main;
				INFOPLIST_KEY_UISupportedInterfaceOrientations_iPad = "UIInterfaceOrientationPortrait UIInterfaceOrientationPortraitUpsideDown UIInterfaceOrientationLandscapeLeft UIInterfaceOrientationLandscapeRight";
				INFOPLIST_KEY_UISupportedInterfaceOrientations_iPhone = "UIInterfaceOrientationPortrait UIInterfaceOrientationLandscapeLeft UIInterfaceOrientationLandscapeRight";
				LD_RUNPATH_SEARCH_PATHS = (
					"$(inherited)",
					"@executable_path/Frameworks",
				);
				MARKETING_VERSION = 1.0;
				PRODUCT_BUNDLE_IDENTIFIER = sonnv.DesignPattern;
				PRODUCT_NAME = "$(TARGET_NAME)";
				SWIFT_EMIT_LOC_STRINGS = YES;
				SWIFT_VERSION = 5.0;
				TARGETED_DEVICE_FAMILY = "1,2";
			};
			name = Release;
		};
		22DB2A4F28ACF2CD004969BF /* Debug */ = {
			isa = XCBuildConfiguration;
			buildSettings = {
				ALWAYS_EMBED_SWIFT_STANDARD_LIBRARIES = YES;
				BUNDLE_LOADER = "$(TEST_HOST)";
				CODE_SIGN_STYLE = Automatic;
				CURRENT_PROJECT_VERSION = 1;
				GENERATE_INFOPLIST_FILE = YES;
				IPHONEOS_DEPLOYMENT_TARGET = 15.0;
				LD_RUNPATH_SEARCH_PATHS = (
					"$(inherited)",
					"@executable_path/Frameworks",
					"@loader_path/Frameworks",
				);
				MARKETING_VERSION = 1.0;
				PRODUCT_BUNDLE_IDENTIFIER = sonnv.DesignPatternTests;
				PRODUCT_NAME = "$(TARGET_NAME)";
				SWIFT_EMIT_LOC_STRINGS = NO;
				SWIFT_VERSION = 5.0;
				TARGETED_DEVICE_FAMILY = "1,2";
				TEST_HOST = "$(BUILT_PRODUCTS_DIR)/DesignPattern.app/DesignPattern";
			};
			name = Debug;
		};
		22DB2A5028ACF2CD004969BF /* Release */ = {
			isa = XCBuildConfiguration;
			buildSettings = {
				ALWAYS_EMBED_SWIFT_STANDARD_LIBRARIES = YES;
				BUNDLE_LOADER = "$(TEST_HOST)";
				CODE_SIGN_STYLE = Automatic;
				CURRENT_PROJECT_VERSION = 1;
				GENERATE_INFOPLIST_FILE = YES;
				IPHONEOS_DEPLOYMENT_TARGET = 15.0;
				LD_RUNPATH_SEARCH_PATHS = (
					"$(inherited)",
					"@executable_path/Frameworks",
					"@loader_path/Frameworks",
				);
				MARKETING_VERSION = 1.0;
				PRODUCT_BUNDLE_IDENTIFIER = sonnv.DesignPatternTests;
				PRODUCT_NAME = "$(TARGET_NAME)";
				SWIFT_EMIT_LOC_STRINGS = NO;
				SWIFT_VERSION = 5.0;
				TARGETED_DEVICE_FAMILY = "1,2";
				TEST_HOST = "$(BUILT_PRODUCTS_DIR)/DesignPattern.app/DesignPattern";
			};
			name = Release;
		};
		22DB2A5228ACF2CD004969BF /* Debug */ = {
			isa = XCBuildConfiguration;
			buildSettings = {
				ALWAYS_EMBED_SWIFT_STANDARD_LIBRARIES = YES;
				CODE_SIGN_STYLE = Automatic;
				CURRENT_PROJECT_VERSION = 1;
				GENERATE_INFOPLIST_FILE = YES;
				LD_RUNPATH_SEARCH_PATHS = (
					"$(inherited)",
					"@executable_path/Frameworks",
					"@loader_path/Frameworks",
				);
				MARKETING_VERSION = 1.0;
				PRODUCT_BUNDLE_IDENTIFIER = sonnv.DesignPatternUITests;
				PRODUCT_NAME = "$(TARGET_NAME)";
				SWIFT_EMIT_LOC_STRINGS = NO;
				SWIFT_VERSION = 5.0;
				TARGETED_DEVICE_FAMILY = "1,2";
				TEST_TARGET_NAME = DesignPattern;
			};
			name = Debug;
		};
		22DB2A5328ACF2CD004969BF /* Release */ = {
			isa = XCBuildConfiguration;
			buildSettings = {
				ALWAYS_EMBED_SWIFT_STANDARD_LIBRARIES = YES;
				CODE_SIGN_STYLE = Automatic;
				CURRENT_PROJECT_VERSION = 1;
				GENERATE_INFOPLIST_FILE = YES;
				LD_RUNPATH_SEARCH_PATHS = (
					"$(inherited)",
					"@executable_path/Frameworks",
					"@loader_path/Frameworks",
				);
				MARKETING_VERSION = 1.0;
				PRODUCT_BUNDLE_IDENTIFIER = sonnv.DesignPatternUITests;
				PRODUCT_NAME = "$(TARGET_NAME)";
				SWIFT_EMIT_LOC_STRINGS = NO;
				SWIFT_VERSION = 5.0;
				TARGETED_DEVICE_FAMILY = "1,2";
				TEST_TARGET_NAME = DesignPattern;
			};
			name = Release;
		};
/* End XCBuildConfiguration section */

/* Begin XCConfigurationList section */
		22DB2A1C28ACF2CB004969BF /* Build configuration list for PBXProject "DesignPattern" */ = {
			isa = XCConfigurationList;
			buildConfigurations = (
				22DB2A4928ACF2CD004969BF /* Debug */,
				22DB2A4A28ACF2CD004969BF /* Release */,
			);
			defaultConfigurationIsVisible = 0;
			defaultConfigurationName = Release;
		};
		22DB2A4B28ACF2CD004969BF /* Build configuration list for PBXNativeTarget "DesignPattern" */ = {
			isa = XCConfigurationList;
			buildConfigurations = (
				22DB2A4C28ACF2CD004969BF /* Debug */,
				22DB2A4D28ACF2CD004969BF /* Release */,
			);
			defaultConfigurationIsVisible = 0;
			defaultConfigurationName = Release;
		};
		22DB2A4E28ACF2CD004969BF /* Build configuration list for PBXNativeTarget "DesignPatternTests" */ = {
			isa = XCConfigurationList;
			buildConfigurations = (
				22DB2A4F28ACF2CD004969BF /* Debug */,
				22DB2A5028ACF2CD004969BF /* Release */,
			);
			defaultConfigurationIsVisible = 0;
			defaultConfigurationName = Release;
		};
		22DB2A5128ACF2CD004969BF /* Build configuration list for PBXNativeTarget "DesignPatternUITests" */ = {
			isa = XCConfigurationList;
			buildConfigurations = (
				22DB2A5228ACF2CD004969BF /* Debug */,
				22DB2A5328ACF2CD004969BF /* Release */,
			);
			defaultConfigurationIsVisible = 0;
			defaultConfigurationName = Release;
		};
/* End XCConfigurationList section */
	};
	rootObject = 22DB2A1928ACF2CB004969BF /* Project object */;
}
